// !$*UTF8*$!
{
	archiveVersion = 1;
	classes = {
	};
	objectVersion = 51;
	objects = {

/* Begin PBXBuildFile section */
		31BC10044DA7F7E73E3D13A1 /* Pods_iOSExample.framework in Frameworks */ = {isa = PBXBuildFile; fileRef = B5EA15A9B7020C133EA969C9 /* Pods_iOSExample.framework */; };
		9FB9889F18B2A111B708770A /* Pods_iOSExample_iOSExampleTests.framework in Frameworks */ = {isa = PBXBuildFile; fileRef = FB0A945BD65C0DCC6F4D6D49 /* Pods_iOSExample_iOSExampleTests.framework */; };
		DFEF6DFC25A98B290050E973 /* AppDelegate.swift in Sources */ = {isa = PBXBuildFile; fileRef = DFEF6DFB25A98B290050E973 /* AppDelegate.swift */; };
		DFEF6DFE25A98B290050E973 /* SceneDelegate.swift in Sources */ = {isa = PBXBuildFile; fileRef = DFEF6DFD25A98B290050E973 /* SceneDelegate.swift */; };
		DFEF6E0025A98B290050E973 /* ViewController.swift in Sources */ = {isa = PBXBuildFile; fileRef = DFEF6DFF25A98B290050E973 /* ViewController.swift */; };
		DFEF6E0525A98B2C0050E973 /* Assets.xcassets in Resources */ = {isa = PBXBuildFile; fileRef = DFEF6E0425A98B2C0050E973 /* Assets.xcassets */; };
		DFEF6E0825A98B2C0050E973 /* LaunchScreen.storyboard in Resources */ = {isa = PBXBuildFile; fileRef = DFEF6E0625A98B2C0050E973 /* LaunchScreen.storyboard */; };
		DFEF6E1325A98B2D0050E973 /* iOSExampleTests.swift in Sources */ = {isa = PBXBuildFile; fileRef = DFEF6E1225A98B2D0050E973 /* iOSExampleTests.swift */; };
		DFEF6E1E25A98B2D0050E973 /* iOSExampleUITests.swift in Sources */ = {isa = PBXBuildFile; fileRef = DFEF6E1D25A98B2D0050E973 /* iOSExampleUITests.swift */; };
/* End PBXBuildFile section */

/* Begin PBXContainerItemProxy section */
		DFEF6E0F25A98B2C0050E973 /* PBXContainerItemProxy */ = {
			isa = PBXContainerItemProxy;
			containerPortal = DFEF6DF025A98B280050E973 /* Project object */;
			proxyType = 1;
			remoteGlobalIDString = DFEF6DF725A98B290050E973;
			remoteInfo = iOSExample;
		};
		DFEF6E1A25A98B2D0050E973 /* PBXContainerItemProxy */ = {
			isa = PBXContainerItemProxy;
			containerPortal = DFEF6DF025A98B280050E973 /* Project object */;
			proxyType = 1;
			remoteGlobalIDString = DFEF6DF725A98B290050E973;
			remoteInfo = iOSExample;
		};
/* End PBXContainerItemProxy section */

/* Begin PBXFileReference section */
		6EE7B7BBD12F93B7EB7F5095 /* Pods-iOSExample.release.xcconfig */ = {isa = PBXFileReference; includeInIndex = 1; lastKnownFileType = text.xcconfig; name = "Pods-iOSExample.release.xcconfig"; path = "Target Support Files/Pods-iOSExample/Pods-iOSExample.release.xcconfig"; sourceTree = "<group>"; };
		A38D26772970D912B13282E0 /* Pods-iOSExample-iOSExampleTests.release.xcconfig */ = {isa = PBXFileReference; includeInIndex = 1; lastKnownFileType = text.xcconfig; name = "Pods-iOSExample-iOSExampleTests.release.xcconfig"; path = "Target Support Files/Pods-iOSExample-iOSExampleTests/Pods-iOSExample-iOSExampleTests.release.xcconfig"; sourceTree = "<group>"; };
		B5EA15A9B7020C133EA969C9 /* Pods_iOSExample.framework */ = {isa = PBXFileReference; explicitFileType = wrapper.framework; includeInIndex = 0; path = Pods_iOSExample.framework; sourceTree = BUILT_PRODUCTS_DIR; };
		C52DBD81BCF06A62918963C0 /* Pods-iOSExample-iOSExampleTests.debug.xcconfig */ = {isa = PBXFileReference; includeInIndex = 1; lastKnownFileType = text.xcconfig; name = "Pods-iOSExample-iOSExampleTests.debug.xcconfig"; path = "Target Support Files/Pods-iOSExample-iOSExampleTests/Pods-iOSExample-iOSExampleTests.debug.xcconfig"; sourceTree = "<group>"; };
		DFEF6DF825A98B290050E973 /* iOSExample.app */ = {isa = PBXFileReference; explicitFileType = wrapper.application; includeInIndex = 0; path = iOSExample.app; sourceTree = BUILT_PRODUCTS_DIR; };
		DFEF6DFB25A98B290050E973 /* AppDelegate.swift */ = {isa = PBXFileReference; lastKnownFileType = sourcecode.swift; path = AppDelegate.swift; sourceTree = "<group>"; };
		DFEF6DFD25A98B290050E973 /* SceneDelegate.swift */ = {isa = PBXFileReference; lastKnownFileType = sourcecode.swift; path = SceneDelegate.swift; sourceTree = "<group>"; };
		DFEF6DFF25A98B290050E973 /* ViewController.swift */ = {isa = PBXFileReference; lastKnownFileType = sourcecode.swift; path = ViewController.swift; sourceTree = "<group>"; };
		DFEF6E0425A98B2C0050E973 /* Assets.xcassets */ = {isa = PBXFileReference; lastKnownFileType = folder.assetcatalog; path = Assets.xcassets; sourceTree = "<group>"; };
		DFEF6E0725A98B2C0050E973 /* Base */ = {isa = PBXFileReference; lastKnownFileType = file.storyboard; name = Base; path = Base.lproj/LaunchScreen.storyboard; sourceTree = "<group>"; };
		DFEF6E0925A98B2C0050E973 /* Info.plist */ = {isa = PBXFileReference; lastKnownFileType = text.plist.xml; path = Info.plist; sourceTree = "<group>"; };
		DFEF6E0E25A98B2C0050E973 /* iOSExampleTests.xctest */ = {isa = PBXFileReference; explicitFileType = wrapper.cfbundle; includeInIndex = 0; path = iOSExampleTests.xctest; sourceTree = BUILT_PRODUCTS_DIR; };
		DFEF6E1225A98B2D0050E973 /* iOSExampleTests.swift */ = {isa = PBXFileReference; lastKnownFileType = sourcecode.swift; path = iOSExampleTests.swift; sourceTree = "<group>"; };
		DFEF6E1425A98B2D0050E973 /* Info.plist */ = {isa = PBXFileReference; lastKnownFileType = text.plist.xml; path = Info.plist; sourceTree = "<group>"; };
		DFEF6E1925A98B2D0050E973 /* iOSExampleUITests.xctest */ = {isa = PBXFileReference; explicitFileType = wrapper.cfbundle; includeInIndex = 0; path = iOSExampleUITests.xctest; sourceTree = BUILT_PRODUCTS_DIR; };
		DFEF6E1D25A98B2D0050E973 /* iOSExampleUITests.swift */ = {isa = PBXFileReference; lastKnownFileType = sourcecode.swift; path = iOSExampleUITests.swift; sourceTree = "<group>"; };
		DFEF6E1F25A98B2D0050E973 /* Info.plist */ = {isa = PBXFileReference; lastKnownFileType = text.plist.xml; path = Info.plist; sourceTree = "<group>"; };
		F97C18DE1E9BE03555DCC3F4 /* Pods-iOSExample.debug.xcconfig */ = {isa = PBXFileReference; includeInIndex = 1; lastKnownFileType = text.xcconfig; name = "Pods-iOSExample.debug.xcconfig"; path = "Target Support Files/Pods-iOSExample/Pods-iOSExample.debug.xcconfig"; sourceTree = "<group>"; };
		FB0A945BD65C0DCC6F4D6D49 /* Pods_iOSExample_iOSExampleTests.framework */ = {isa = PBXFileReference; explicitFileType = wrapper.framework; includeInIndex = 0; path = Pods_iOSExample_iOSExampleTests.framework; sourceTree = BUILT_PRODUCTS_DIR; };
/* End PBXFileReference section */

/* Begin PBXFrameworksBuildPhase section */
		DFEF6DF525A98B290050E973 /* Frameworks */ = {
			isa = PBXFrameworksBuildPhase;
			buildActionMask = 2147483647;
			files = (
				31BC10044DA7F7E73E3D13A1 /* Pods_iOSExample.framework in Frameworks */,
			);
			runOnlyForDeploymentPostprocessing = 0;
		};
		DFEF6E0B25A98B2C0050E973 /* Frameworks */ = {
			isa = PBXFrameworksBuildPhase;
			buildActionMask = 2147483647;
			files = (
				9FB9889F18B2A111B708770A /* Pods_iOSExample_iOSExampleTests.framework in Frameworks */,
			);
			runOnlyForDeploymentPostprocessing = 0;
		};
		DFEF6E1625A98B2D0050E973 /* Frameworks */ = {
			isa = PBXFrameworksBuildPhase;
			buildActionMask = 2147483647;
			files = (
			);
			runOnlyForDeploymentPostprocessing = 0;
		};
/* End PBXFrameworksBuildPhase section */

/* Begin PBXGroup section */
		A1D7887EF5AFC1E8BAB858F2 /* Frameworks */ = {
			isa = PBXGroup;
			children = (
				B5EA15A9B7020C133EA969C9 /* Pods_iOSExample.framework */,
				FB0A945BD65C0DCC6F4D6D49 /* Pods_iOSExample_iOSExampleTests.framework */,
			);
			name = Frameworks;
			sourceTree = "<group>";
		};
		D826BC6E02FBF9877BAB3A44 /* Pods */ = {
			isa = PBXGroup;
			children = (
				F97C18DE1E9BE03555DCC3F4 /* Pods-iOSExample.debug.xcconfig */,
				6EE7B7BBD12F93B7EB7F5095 /* Pods-iOSExample.release.xcconfig */,
				C52DBD81BCF06A62918963C0 /* Pods-iOSExample-iOSExampleTests.debug.xcconfig */,
				A38D26772970D912B13282E0 /* Pods-iOSExample-iOSExampleTests.release.xcconfig */,
			);
			path = Pods;
			sourceTree = "<group>";
		};
		DFEF6DEF25A98B280050E973 = {
			isa = PBXGroup;
			children = (
				DFEF6DFA25A98B290050E973 /* iOSExample */,
				DFEF6E1125A98B2D0050E973 /* iOSExampleTests */,
				DFEF6E1C25A98B2D0050E973 /* iOSExampleUITests */,
				DFEF6DF925A98B290050E973 /* Products */,
				D826BC6E02FBF9877BAB3A44 /* Pods */,
				A1D7887EF5AFC1E8BAB858F2 /* Frameworks */,
			);
			sourceTree = "<group>";
		};
		DFEF6DF925A98B290050E973 /* Products */ = {
			isa = PBXGroup;
			children = (
				DFEF6DF825A98B290050E973 /* iOSExample.app */,
				DFEF6E0E25A98B2C0050E973 /* iOSExampleTests.xctest */,
				DFEF6E1925A98B2D0050E973 /* iOSExampleUITests.xctest */,
			);
			name = Products;
			sourceTree = "<group>";
		};
		DFEF6DFA25A98B290050E973 /* iOSExample */ = {
			isa = PBXGroup;
			children = (
				DFEF6DFB25A98B290050E973 /* AppDelegate.swift */,
				DFEF6DFD25A98B290050E973 /* SceneDelegate.swift */,
				DFEF6DFF25A98B290050E973 /* ViewController.swift */,
				DFEF6E0425A98B2C0050E973 /* Assets.xcassets */,
				DFEF6E0625A98B2C0050E973 /* LaunchScreen.storyboard */,
				DFEF6E0925A98B2C0050E973 /* Info.plist */,
			);
			path = iOSExample;
			sourceTree = "<group>";
		};
		DFEF6E1125A98B2D0050E973 /* iOSExampleTests */ = {
			isa = PBXGroup;
			children = (
				DFEF6E1225A98B2D0050E973 /* iOSExampleTests.swift */,
				DFEF6E1425A98B2D0050E973 /* Info.plist */,
			);
			path = iOSExampleTests;
			sourceTree = "<group>";
		};
		DFEF6E1C25A98B2D0050E973 /* iOSExampleUITests */ = {
			isa = PBXGroup;
			children = (
				DFEF6E1D25A98B2D0050E973 /* iOSExampleUITests.swift */,
				DFEF6E1F25A98B2D0050E973 /* Info.plist */,
			);
			path = iOSExampleUITests;
			sourceTree = "<group>";
		};
/* End PBXGroup section */

/* Begin PBXNativeTarget section */
		DFEF6DF725A98B290050E973 /* iOSExample */ = {
			isa = PBXNativeTarget;
			buildConfigurationList = DFEF6E2225A98B2D0050E973 /* Build configuration list for PBXNativeTarget "iOSExample" */;
			buildPhases = (
				56D9CE42FC2AEFCF10E60897 /* [CP] Check Pods Manifest.lock */,
				DFEF6DF425A98B290050E973 /* Sources */,
				DFEF6DF525A98B290050E973 /* Frameworks */,
				DFEF6DF625A98B290050E973 /* Resources */,
				1DA57402B4C7CAD332504A6C /* [CP] Embed Pods Frameworks */,
			);
			buildRules = (
			);
			dependencies = (
			);
			name = iOSExample;
			productName = iOSExample;
			productReference = DFEF6DF825A98B290050E973 /* iOSExample.app */;
			productType = "com.apple.product-type.application";
		};
		DFEF6E0D25A98B2C0050E973 /* iOSExampleTests */ = {
			isa = PBXNativeTarget;
			buildConfigurationList = DFEF6E2525A98B2D0050E973 /* Build configuration list for PBXNativeTarget "iOSExampleTests" */;
			buildPhases = (
				B0FBC84D753DF4E9CB34354F /* [CP] Check Pods Manifest.lock */,
				DFEF6E0A25A98B2C0050E973 /* Sources */,
				DFEF6E0B25A98B2C0050E973 /* Frameworks */,
				DFEF6E0C25A98B2C0050E973 /* Resources */,
				2C81F869FC1804FD5B2CEA22 /* [CP] Embed Pods Frameworks */,
			);
			buildRules = (
			);
			dependencies = (
				DFEF6E1025A98B2C0050E973 /* PBXTargetDependency */,
			);
			name = iOSExampleTests;
			productName = iOSExampleTests;
			productReference = DFEF6E0E25A98B2C0050E973 /* iOSExampleTests.xctest */;
			productType = "com.apple.product-type.bundle.unit-test";
		};
		DFEF6E1825A98B2D0050E973 /* iOSExampleUITests */ = {
			isa = PBXNativeTarget;
			buildConfigurationList = DFEF6E2825A98B2D0050E973 /* Build configuration list for PBXNativeTarget "iOSExampleUITests" */;
			buildPhases = (
				DFEF6E1525A98B2D0050E973 /* Sources */,
				DFEF6E1625A98B2D0050E973 /* Frameworks */,
				DFEF6E1725A98B2D0050E973 /* Resources */,
			);
			buildRules = (
			);
			dependencies = (
				DFEF6E1B25A98B2D0050E973 /* PBXTargetDependency */,
			);
			name = iOSExampleUITests;
			productName = iOSExampleUITests;
			productReference = DFEF6E1925A98B2D0050E973 /* iOSExampleUITests.xctest */;
			productType = "com.apple.product-type.bundle.ui-testing";
		};
/* End PBXNativeTarget section */

/* Begin PBXProject section */
		DFEF6DF025A98B280050E973 /* Project object */ = {
			isa = PBXProject;
			attributes = {
				LastSwiftUpdateCheck = 1230;
				LastUpgradeCheck = 1230;
				TargetAttributes = {
					DFEF6DF725A98B290050E973 = {
						CreatedOnToolsVersion = 12.3;
					};
					DFEF6E0D25A98B2C0050E973 = {
						CreatedOnToolsVersion = 12.3;
						TestTargetID = DFEF6DF725A98B290050E973;
					};
					DFEF6E1825A98B2D0050E973 = {
						CreatedOnToolsVersion = 12.3;
						TestTargetID = DFEF6DF725A98B290050E973;
					};
				};
			};
			buildConfigurationList = DFEF6DF325A98B280050E973 /* Build configuration list for PBXProject "iOSExample" */;
			compatibilityVersion = "Xcode 9.3";
			developmentRegion = en;
			hasScannedForEncodings = 0;
			knownRegions = (
				en,
				Base,
			);
			mainGroup = DFEF6DEF25A98B280050E973;
			productRefGroup = DFEF6DF925A98B290050E973 /* Products */;
			projectDirPath = "";
			projectRoot = "";
			targets = (
				DFEF6DF725A98B290050E973 /* iOSExample */,
				DFEF6E0D25A98B2C0050E973 /* iOSExampleTests */,
				DFEF6E1825A98B2D0050E973 /* iOSExampleUITests */,
			);
		};
/* End PBXProject section */

/* Begin PBXResourcesBuildPhase section */
		DFEF6DF625A98B290050E973 /* Resources */ = {
			isa = PBXResourcesBuildPhase;
			buildActionMask = 2147483647;
			files = (
				DFEF6E0825A98B2C0050E973 /* LaunchScreen.storyboard in Resources */,
				DFEF6E0525A98B2C0050E973 /* Assets.xcassets in Resources */,
			);
			runOnlyForDeploymentPostprocessing = 0;
		};
		DFEF6E0C25A98B2C0050E973 /* Resources */ = {
			isa = PBXResourcesBuildPhase;
			buildActionMask = 2147483647;
			files = (
			);
			runOnlyForDeploymentPostprocessing = 0;
		};
		DFEF6E1725A98B2D0050E973 /* Resources */ = {
			isa = PBXResourcesBuildPhase;
			buildActionMask = 2147483647;
			files = (
			);
			runOnlyForDeploymentPostprocessing = 0;
		};
/* End PBXResourcesBuildPhase section */

/* Begin PBXShellScriptBuildPhase section */
		1DA57402B4C7CAD332504A6C /* [CP] Embed Pods Frameworks */ = {
			isa = PBXShellScriptBuildPhase;
			buildActionMask = 2147483647;
			files = (
			);
			inputFileListPaths = (
				"${PODS_ROOT}/Target Support Files/Pods-iOSExample/Pods-iOSExample-frameworks-${CONFIGURATION}-input-files.xcfilelist",
			);
			name = "[CP] Embed Pods Frameworks";
			outputFileListPaths = (
				"${PODS_ROOT}/Target Support Files/Pods-iOSExample/Pods-iOSExample-frameworks-${CONFIGURATION}-output-files.xcfilelist",
			);
			runOnlyForDeploymentPostprocessing = 0;
			shellPath = /bin/sh;
			shellScript = "\"${PODS_ROOT}/Target Support Files/Pods-iOSExample/Pods-iOSExample-frameworks.sh\"\n";
			showEnvVarsInLog = 0;
		};
		2C81F869FC1804FD5B2CEA22 /* [CP] Embed Pods Frameworks */ = {
			isa = PBXShellScriptBuildPhase;
			buildActionMask = 2147483647;
			files = (
			);
			inputFileListPaths = (
				"${PODS_ROOT}/Target Support Files/Pods-iOSExample-iOSExampleTests/Pods-iOSExample-iOSExampleTests-frameworks-${CONFIGURATION}-input-files.xcfilelist",
			);
			name = "[CP] Embed Pods Frameworks";
			outputFileListPaths = (
				"${PODS_ROOT}/Target Support Files/Pods-iOSExample-iOSExampleTests/Pods-iOSExample-iOSExampleTests-frameworks-${CONFIGURATION}-output-files.xcfilelist",
			);
			runOnlyForDeploymentPostprocessing = 0;
			shellPath = /bin/sh;
			shellScript = "\"${PODS_ROOT}/Target Support Files/Pods-iOSExample-iOSExampleTests/Pods-iOSExample-iOSExampleTests-frameworks.sh\"\n";
			showEnvVarsInLog = 0;
		};
		56D9CE42FC2AEFCF10E60897 /* [CP] Check Pods Manifest.lock */ = {
			isa = PBXShellScriptBuildPhase;
			buildActionMask = 2147483647;
			files = (
			);
			inputFileListPaths = (
			);
			inputPaths = (
				"${PODS_PODFILE_DIR_PATH}/Podfile.lock",
				"${PODS_ROOT}/Manifest.lock",
			);
			name = "[CP] Check Pods Manifest.lock";
			outputFileListPaths = (
			);
			outputPaths = (
				"$(DERIVED_FILE_DIR)/Pods-iOSExample-checkManifestLockResult.txt",
			);
			runOnlyForDeploymentPostprocessing = 0;
			shellPath = /bin/sh;
			shellScript = "diff \"${PODS_PODFILE_DIR_PATH}/Podfile.lock\" \"${PODS_ROOT}/Manifest.lock\" > /dev/null\nif [ $? != 0 ] ; then\n    # print error to STDERR\n    echo \"error: The sandbox is not in sync with the Podfile.lock. Run 'pod install' or update your CocoaPods installation.\" >&2\n    exit 1\nfi\n# This output is used by Xcode 'outputs' to avoid re-running this script phase.\necho \"SUCCESS\" > \"${SCRIPT_OUTPUT_FILE_0}\"\n";
			showEnvVarsInLog = 0;
		};
		B0FBC84D753DF4E9CB34354F /* [CP] Check Pods Manifest.lock */ = {
			isa = PBXShellScriptBuildPhase;
			buildActionMask = 2147483647;
			files = (
			);
			inputFileListPaths = (
			);
			inputPaths = (
				"${PODS_PODFILE_DIR_PATH}/Podfile.lock",
				"${PODS_ROOT}/Manifest.lock",
			);
			name = "[CP] Check Pods Manifest.lock";
			outputFileListPaths = (
			);
			outputPaths = (
				"$(DERIVED_FILE_DIR)/Pods-iOSExample-iOSExampleTests-checkManifestLockResult.txt",
			);
			runOnlyForDeploymentPostprocessing = 0;
			shellPath = /bin/sh;
			shellScript = "diff \"${PODS_PODFILE_DIR_PATH}/Podfile.lock\" \"${PODS_ROOT}/Manifest.lock\" > /dev/null\nif [ $? != 0 ] ; then\n    # print error to STDERR\n    echo \"error: The sandbox is not in sync with the Podfile.lock. Run 'pod install' or update your CocoaPods installation.\" >&2\n    exit 1\nfi\n# This output is used by Xcode 'outputs' to avoid re-running this script phase.\necho \"SUCCESS\" > \"${SCRIPT_OUTPUT_FILE_0}\"\n";
			showEnvVarsInLog = 0;
		};
/* End PBXShellScriptBuildPhase section */

/* Begin PBXSourcesBuildPhase section */
		DFEF6DF425A98B290050E973 /* Sources */ = {
			isa = PBXSourcesBuildPhase;
			buildActionMask = 2147483647;
			files = (
				DFEF6E0025A98B290050E973 /* ViewController.swift in Sources */,
				DFEF6DFC25A98B290050E973 /* AppDelegate.swift in Sources */,
				DFEF6DFE25A98B290050E973 /* SceneDelegate.swift in Sources */,
			);
			runOnlyForDeploymentPostprocessing = 0;
		};
		DFEF6E0A25A98B2C0050E973 /* Sources */ = {
			isa = PBXSourcesBuildPhase;
			buildActionMask = 2147483647;
			files = (
				DFEF6E1325A98B2D0050E973 /* iOSExampleTests.swift in Sources */,
			);
			runOnlyForDeploymentPostprocessing = 0;
		};
		DFEF6E1525A98B2D0050E973 /* Sources */ = {
			isa = PBXSourcesBuildPhase;
			buildActionMask = 2147483647;
			files = (
				DFEF6E1E25A98B2D0050E973 /* iOSExampleUITests.swift in Sources */,
			);
			runOnlyForDeploymentPostprocessing = 0;
		};
/* End PBXSourcesBuildPhase section */

/* Begin PBXTargetDependency section */
		DFEF6E1025A98B2C0050E973 /* PBXTargetDependency */ = {
			isa = PBXTargetDependency;
			target = DFEF6DF725A98B290050E973 /* iOSExample */;
			targetProxy = DFEF6E0F25A98B2C0050E973 /* PBXContainerItemProxy */;
		};
		DFEF6E1B25A98B2D0050E973 /* PBXTargetDependency */ = {
			isa = PBXTargetDependency;
			target = DFEF6DF725A98B290050E973 /* iOSExample */;
			targetProxy = DFEF6E1A25A98B2D0050E973 /* PBXContainerItemProxy */;
		};
/* End PBXTargetDependency section */

/* Begin PBXVariantGroup section */
		DFEF6E0625A98B2C0050E973 /* LaunchScreen.storyboard */ = {
			isa = PBXVariantGroup;
			children = (
				DFEF6E0725A98B2C0050E973 /* Base */,
			);
			name = LaunchScreen.storyboard;
			sourceTree = "<group>";
		};
/* End PBXVariantGroup section */

/* Begin XCBuildConfiguration section */
		DFEF6E2025A98B2D0050E973 /* Debug */ = {
			isa = XCBuildConfiguration;
			buildSettings = {
				ALWAYS_SEARCH_USER_PATHS = NO;
				CLANG_ANALYZER_NONNULL = YES;
				CLANG_ANALYZER_NUMBER_OBJECT_CONVERSION = YES_AGGRESSIVE;
				CLANG_CXX_LANGUAGE_STANDARD = "gnu++14";
				CLANG_CXX_LIBRARY = "libc++";
				CLANG_ENABLE_MODULES = YES;
				CLANG_ENABLE_OBJC_ARC = YES;
				CLANG_ENABLE_OBJC_WEAK = YES;
				CLANG_WARN_BLOCK_CAPTURE_AUTORELEASING = YES;
				CLANG_WARN_BOOL_CONVERSION = YES;
				CLANG_WARN_COMMA = YES;
				CLANG_WARN_CONSTANT_CONVERSION = YES;
				CLANG_WARN_DEPRECATED_OBJC_IMPLEMENTATIONS = YES;
				CLANG_WARN_DIRECT_OBJC_ISA_USAGE = YES_ERROR;
				CLANG_WARN_DOCUMENTATION_COMMENTS = YES;
				CLANG_WARN_EMPTY_BODY = YES;
				CLANG_WARN_ENUM_CONVERSION = YES;
				CLANG_WARN_INFINITE_RECURSION = YES;
				CLANG_WARN_INT_CONVERSION = YES;
				CLANG_WARN_NON_LITERAL_NULL_CONVERSION = YES;
				CLANG_WARN_OBJC_IMPLICIT_RETAIN_SELF = YES;
				CLANG_WARN_OBJC_LITERAL_CONVERSION = YES;
				CLANG_WARN_OBJC_ROOT_CLASS = YES_ERROR;
				CLANG_WARN_QUOTED_INCLUDE_IN_FRAMEWORK_HEADER = YES;
				CLANG_WARN_RANGE_LOOP_ANALYSIS = YES;
				CLANG_WARN_STRICT_PROTOTYPES = YES;
				CLANG_WARN_SUSPICIOUS_MOVE = YES;
				CLANG_WARN_UNGUARDED_AVAILABILITY = YES_AGGRESSIVE;
				CLANG_WARN_UNREACHABLE_CODE = YES;
				CLANG_WARN__DUPLICATE_METHOD_MATCH = YES;
				COPY_PHASE_STRIP = NO;
				DEBUG_INFORMATION_FORMAT = dwarf;
				ENABLE_STRICT_OBJC_MSGSEND = YES;
				ENABLE_TESTABILITY = YES;
				GCC_C_LANGUAGE_STANDARD = gnu11;
				GCC_DYNAMIC_NO_PIC = NO;
				GCC_NO_COMMON_BLOCKS = YES;
				GCC_OPTIMIZATION_LEVEL = 0;
				GCC_PREPROCESSOR_DEFINITIONS = (
					"DEBUG=1",
					"$(inherited)",
				);
				GCC_WARN_64_TO_32_BIT_CONVERSION = YES;
				GCC_WARN_ABOUT_RETURN_TYPE = YES_ERROR;
				GCC_WARN_UNDECLARED_SELECTOR = YES;
				GCC_WARN_UNINITIALIZED_AUTOS = YES_AGGRESSIVE;
				GCC_WARN_UNUSED_FUNCTION = YES;
				GCC_WARN_UNUSED_VARIABLE = YES;
				IPHONEOS_DEPLOYMENT_TARGET = 14.3;
				MTL_ENABLE_DEBUG_INFO = INCLUDE_SOURCE;
				MTL_FAST_MATH = YES;
				ONLY_ACTIVE_ARCH = YES;
				SDKROOT = iphoneos;
				SWIFT_ACTIVE_COMPILATION_CONDITIONS = DEBUG;
				SWIFT_OPTIMIZATION_LEVEL = "-Onone";
			};
			name = Debug;
		};
		DFEF6E2125A98B2D0050E973 /* Release */ = {
			isa = XCBuildConfiguration;
			buildSettings = {
				ALWAYS_SEARCH_USER_PATHS = NO;
				CLANG_ANALYZER_NONNULL = YES;
				CLANG_ANALYZER_NUMBER_OBJECT_CONVERSION = YES_AGGRESSIVE;
				CLANG_CXX_LANGUAGE_STANDARD = "gnu++14";
				CLANG_CXX_LIBRARY = "libc++";
				CLANG_ENABLE_MODULES = YES;
				CLANG_ENABLE_OBJC_ARC = YES;
				CLANG_ENABLE_OBJC_WEAK = YES;
				CLANG_WARN_BLOCK_CAPTURE_AUTORELEASING = YES;
				CLANG_WARN_BOOL_CONVERSION = YES;
				CLANG_WARN_COMMA = YES;
				CLANG_WARN_CONSTANT_CONVERSION = YES;
				CLANG_WARN_DEPRECATED_OBJC_IMPLEMENTATIONS = YES;
				CLANG_WARN_DIRECT_OBJC_ISA_USAGE = YES_ERROR;
				CLANG_WARN_DOCUMENTATION_COMMENTS = YES;
				CLANG_WARN_EMPTY_BODY = YES;
				CLANG_WARN_ENUM_CONVERSION = YES;
				CLANG_WARN_INFINITE_RECURSION = YES;
				CLANG_WARN_INT_CONVERSION = YES;
				CLANG_WARN_NON_LITERAL_NULL_CONVERSION = YES;
				CLANG_WARN_OBJC_IMPLICIT_RETAIN_SELF = YES;
				CLANG_WARN_OBJC_LITERAL_CONVERSION = YES;
				CLANG_WARN_OBJC_ROOT_CLASS = YES_ERROR;
				CLANG_WARN_QUOTED_INCLUDE_IN_FRAMEWORK_HEADER = YES;
				CLANG_WARN_RANGE_LOOP_ANALYSIS = YES;
				CLANG_WARN_STRICT_PROTOTYPES = YES;
				CLANG_WARN_SUSPICIOUS_MOVE = YES;
				CLANG_WARN_UNGUARDED_AVAILABILITY = YES_AGGRESSIVE;
				CLANG_WARN_UNREACHABLE_CODE = YES;
				CLANG_WARN__DUPLICATE_METHOD_MATCH = YES;
				COPY_PHASE_STRIP = NO;
				DEBUG_INFORMATION_FORMAT = "dwarf-with-dsym";
				ENABLE_NS_ASSERTIONS = NO;
				ENABLE_STRICT_OBJC_MSGSEND = YES;
				GCC_C_LANGUAGE_STANDARD = gnu11;
				GCC_NO_COMMON_BLOCKS = YES;
				GCC_WARN_64_TO_32_BIT_CONVERSION = YES;
				GCC_WARN_ABOUT_RETURN_TYPE = YES_ERROR;
				GCC_WARN_UNDECLARED_SELECTOR = YES;
				GCC_WARN_UNINITIALIZED_AUTOS = YES_AGGRESSIVE;
				GCC_WARN_UNUSED_FUNCTION = YES;
				GCC_WARN_UNUSED_VARIABLE = YES;
				IPHONEOS_DEPLOYMENT_TARGET = 14.3;
				MTL_ENABLE_DEBUG_INFO = NO;
				MTL_FAST_MATH = YES;
				SDKROOT = iphoneos;
				SWIFT_COMPILATION_MODE = wholemodule;
				SWIFT_OPTIMIZATION_LEVEL = "-O";
				VALIDATE_PRODUCT = YES;
			};
			name = Release;
		};
		DFEF6E2325A98B2D0050E973 /* Debug */ = {
			isa = XCBuildConfiguration;
			baseConfigurationReference = F97C18DE1E9BE03555DCC3F4 /* Pods-iOSExample.debug.xcconfig */;
			buildSettings = {
				ASSETCATALOG_COMPILER_APPICON_NAME = AppIcon;
				ASSETCATALOG_COMPILER_GLOBAL_ACCENT_COLOR_NAME = AccentColor;
				CODE_SIGN_STYLE = Automatic;
				DEVELOPMENT_TEAM = GDGLX4B964;
				INFOPLIST_FILE = iOSExample/Info.plist;
				LD_RUNPATH_SEARCH_PATHS = (
					"$(inherited)",
					"@executable_path/Frameworks",
				);
				PRODUCT_BUNDLE_IDENTIFIER = im.iwill.iOSExample;
				PRODUCT_NAME = "$(TARGET_NAME)";
				SWIFT_VERSION = 5.0;
				TARGETED_DEVICE_FAMILY = "1,2";
			};
			name = Debug;
		};
		DFEF6E2425A98B2D0050E973 /* Release */ = {
			isa = XCBuildConfiguration;
			baseConfigurationReference = 6EE7B7BBD12F93B7EB7F5095 /* Pods-iOSExample.release.xcconfig */;
			buildSettings = {
				ASSETCATALOG_COMPILER_APPICON_NAME = AppIcon;
				ASSETCATALOG_COMPILER_GLOBAL_ACCENT_COLOR_NAME = AccentColor;
				CODE_SIGN_STYLE = Automatic;
				DEVELOPMENT_TEAM = GDGLX4B964;
				INFOPLIST_FILE = iOSExample/Info.plist;
				LD_RUNPATH_SEARCH_PATHS = (
					"$(inherited)",
					"@executable_path/Frameworks",
				);
				PRODUCT_BUNDLE_IDENTIFIER = im.iwill.iOSExample;
				PRODUCT_NAME = "$(TARGET_NAME)";
				SWIFT_VERSION = 5.0;
				TARGETED_DEVICE_FAMILY = "1,2";
			};
			name = Release;
		};
		DFEF6E2625A98B2D0050E973 /* Debug */ = {
			isa = XCBuildConfiguration;
			baseConfigurationReference = C52DBD81BCF06A62918963C0 /* Pods-iOSExample-iOSExampleTests.debug.xcconfig */;
			buildSettings = {
				BUNDLE_LOADER = "$(TEST_HOST)";
				CODE_SIGN_STYLE = Automatic;
				INFOPLIST_FILE = iOSExampleTests/Info.plist;
				IPHONEOS_DEPLOYMENT_TARGET = 14.3;
				LD_RUNPATH_SEARCH_PATHS = (
					"$(inherited)",
					"@executable_path/Frameworks",
					"@loader_path/Frameworks",
				);
				PRODUCT_BUNDLE_IDENTIFIER = im.iwill.iOSExampleTests;
				PRODUCT_NAME = "$(TARGET_NAME)";
				SWIFT_VERSION = 5.0;
				TARGETED_DEVICE_FAMILY = "1,2";
				TEST_HOST = "$(BUILT_PRODUCTS_DIR)/iOSExample.app/iOSExample";
			};
			name = Debug;
		};
		DFEF6E2725A98B2D0050E973 /* Release */ = {
			isa = XCBuildConfiguration;
			baseConfigurationReference = A38D26772970D912B13282E0 /* Pods-iOSExample-iOSExampleTests.release.xcconfig */;
			buildSettings = {
				BUNDLE_LOADER = "$(TEST_HOST)";
				CODE_SIGN_STYLE = Automatic;
				INFOPLIST_FILE = iOSExampleTests/Info.plist;
				IPHONEOS_DEPLOYMENT_TARGET = 14.3;
				LD_RUNPATH_SEARCH_PATHS = (
					"$(inherited)",
					"@executable_path/Frameworks",
					"@loader_path/Frameworks",
				);
				PRODUCT_BUNDLE_IDENTIFIER = im.iwill.iOSExampleTests;
				PRODUCT_NAME = "$(TARGET_NAME)";
				SWIFT_VERSION = 5.0;
				TARGETED_DEVICE_FAMILY = "1,2";
				TEST_HOST = "$(BUILT_PRODUCTS_DIR)/iOSExample.app/iOSExample";
			};
			name = Release;
		};
		DFEF6E2925A98B2D0050E973 /* Debug */ = {
			isa = XCBuildConfiguration;
			buildSettings = {
				CODE_SIGN_STYLE = Automatic;
				DEVELOPMENT_TEAM = "";
				INFOPLIST_FILE = iOSExampleUITests/Info.plist;
				LD_RUNPATH_SEARCH_PATHS = (
					"$(inherited)",
					"@executable_path/Frameworks",
					"@loader_path/Frameworks",
				);
				PRODUCT_BUNDLE_IDENTIFIER = im.iwill.iOSExampleUITests;
				PRODUCT_NAME = "$(TARGET_NAME)";
				SWIFT_VERSION = 5.0;
				TARGETED_DEVICE_FAMILY = "1,2";
				TEST_TARGET_NAME = iOSExample;
			};
			name = Debug;
		};
		DFEF6E2A25A98B2D0050E973 /* Release */ = {
			isa = XCBuildConfiguration;
			buildSettings = {
				CODE_SIGN_STYLE = Automatic;
				DEVELOPMENT_TEAM = "";
				INFOPLIST_FILE = iOSExampleUITests/Info.plist;
				LD_RUNPATH_SEARCH_PATHS = (
					"$(inherited)",
					"@executable_path/Frameworks",
					"@loader_path/Frameworks",
				);
				PRODUCT_BUNDLE_IDENTIFIER = im.iwill.iOSExampleUITests;
				PRODUCT_NAME = "$(TARGET_NAME)";
				SWIFT_VERSION = 5.0;
				TARGETED_DEVICE_FAMILY = "1,2";
				TEST_TARGET_NAME = iOSExample;
			};
			name = Release;
		};
/* End XCBuildConfiguration section */

/* Begin XCConfigurationList section */
		DFEF6DF325A98B280050E973 /* Build configuration list for PBXProject "iOSExample" */ = {
			isa = XCConfigurationList;
			buildConfigurations = (
				DFEF6E2025A98B2D0050E973 /* Debug */,
				DFEF6E2125A98B2D0050E973 /* Release */,
			);
			defaultConfigurationIsVisible = 0;
			defaultConfigurationName = Release;
		};
		DFEF6E2225A98B2D0050E973 /* Build configuration list for PBXNativeTarget "iOSExample" */ = {
			isa = XCConfigurationList;
			buildConfigurations = (
				DFEF6E2325A98B2D0050E973 /* Debug */,
				DFEF6E2425A98B2D0050E973 /* Release */,
			);
			defaultConfigurationIsVisible = 0;
			defaultConfigurationName = Release;
		};
		DFEF6E2525A98B2D0050E973 /* Build configuration list for PBXNativeTarget "iOSExampleTests" */ = {
			isa = XCConfigurationList;
			buildConfigurations = (
				DFEF6E2625A98B2D0050E973 /* Debug */,
				DFEF6E2725A98B2D0050E973 /* Release */,
			);
			defaultConfigurationIsVisible = 0;
			defaultConfigurationName = Release;
		};
		DFEF6E2825A98B2D0050E973 /* Build configuration list for PBXNativeTarget "iOSExampleUITests" */ = {
			isa = XCConfigurationList;
			buildConfigurations = (
				DFEF6E2925A98B2D0050E973 /* Debug */,
				DFEF6E2A25A98B2D0050E973 /* Release */,
			);
			defaultConfigurationIsVisible = 0;
			defaultConfigurationName = Release;
		};
/* End XCConfigurationList section */
	};
	rootObject = DFEF6DF025A98B280050E973 /* Project object */;
}
